
Microsoft Visual Studio Solution File, Format Version 12.00
# Visual Studio Version 16
VisualStudioVersion = 16.0.30011.22
MinimumVisualStudioVersion = 10.0.40219.1
Project("{8BC9CEB8-8B4A-11D0-8D11-00A0C91BC942}") = "Assignment 02 Activation Record Implementation", "Assignment 02 Activation Record Implementation\Assignment 02 Activation Record Implementation.vcxproj", "{8873DEF6-8DF0-4040-998F-903EDEA10952}"
EndProject
Global
	GlobalSection(SolutionConfigurationPlatforms) = preSolution
		Debug|x64 = Debug|x64
		Debug|x86 = Debug|x86
		Release|x64 = Release|x64
		Release|x86 = Release|x86
	EndGlobalSection
	GlobalSection(ProjectConfigurationPlatforms) = postSolution
		{8873DEF6-8DF0-4040-998F-903EDEA10952}.Debug|x64.ActiveCfg = Debug|x64
		{8873DEF6-8DF0-4040-998F-903EDEA10952}.Debug|x64.Build.0 = Debug|x64
		{8873DEF6-8DF0-4040-998F-903EDEA10952}.Debug|x86.ActiveCfg = Debug|Win32
		{8873DEF6-8DF0-4040-998F-903EDEA10952}.Debug|x86.Build.0 = Debug|Win32
		{8873DEF6-8DF0-4040-998F-903EDEA10952}.Release|x64.ActiveCfg = Release|x64
		{8873DEF6-8DF0-4040-998F-903EDEA10952}.Release|x64.Build.0 = Release|x64
		{8873DEF6-8DF0-4040-998F-903EDEA10952}.Release|x86.ActiveCfg = Release|Win32
		{8873DEF6-8DF0-4040-998F-903EDEA10952}.Release|x86.Build.0 = Release|Win32
	EndGlobalSection
	GlobalSection(SolutionProperties) = preSolution
		HideSolutionNode = FALSE
	EndGlobalSection
	GlobalSection(ExtensibilityGlobals) = postSolution
		SolutionGuid = {CED8B798-A15F-4B53-BB2B-D8CABC0628C6}
	EndGlobalSection
EndGlobal
